// !$*UTF8*$!
{
	archiveVersion = 1;
	classes = {
	};
	objectVersion = 46;
	objects = {

/* Begin PBXBuildFile section */
		AB9B0AD1A2D0D03B6E9A443B /* Pods_Headshot.framework in Frameworks */ = {isa = PBXBuildFile; fileRef = 9988D14E77C32C25FA1CA4FD /* Pods_Headshot.framework */; };
		B944C7451BF3074B0066E000 /* AppDelegate.swift in Sources */ = {isa = PBXBuildFile; fileRef = B944C7441BF3074B0066E000 /* AppDelegate.swift */; };
		B944C7471BF3074B0066E000 /* ViewController.swift in Sources */ = {isa = PBXBuildFile; fileRef = B944C7461BF3074B0066E000 /* ViewController.swift */; };
		B944C74A1BF3074C0066E000 /* Main.storyboard in Resources */ = {isa = PBXBuildFile; fileRef = B944C7481BF3074C0066E000 /* Main.storyboard */; };
		B944C74D1BF3074D0066E000 /* Headshot.xcdatamodeld in Sources */ = {isa = PBXBuildFile; fileRef = B944C74B1BF3074C0066E000 /* Headshot.xcdatamodeld */; };
		B944C74F1BF3074D0066E000 /* Assets.xcassets in Resources */ = {isa = PBXBuildFile; fileRef = B944C74E1BF3074D0066E000 /* Assets.xcassets */; };
		B944C7521BF3074D0066E000 /* LaunchScreen.storyboard in Resources */ = {isa = PBXBuildFile; fileRef = B944C7501BF3074D0066E000 /* LaunchScreen.storyboard */; };
		B944C75D1BF3074F0066E000 /* HeadshotTests.swift in Sources */ = {isa = PBXBuildFile; fileRef = B944C75C1BF3074F0066E000 /* HeadshotTests.swift */; };
		B944C7681BF3074F0066E000 /* HeadshotUITests.swift in Sources */ = {isa = PBXBuildFile; fileRef = B944C7671BF3074F0066E000 /* HeadshotUITests.swift */; };
		D79B5CBE1C0D199B00C8EB85 /* Keys.plist in Resources */ = {isa = PBXBuildFile; fileRef = D79B5CBD1C0D199B00C8EB85 /* Keys.plist */; };
/* End PBXBuildFile section */

/* Begin PBXContainerItemProxy section */
		B944C7591BF3074F0066E000 /* PBXContainerItemProxy */ = {
			isa = PBXContainerItemProxy;
			containerPortal = B944C7391BF3074B0066E000 /* Project object */;
			proxyType = 1;
			remoteGlobalIDString = B944C7401BF3074B0066E000;
			remoteInfo = Headshot;
		};
		B944C7641BF3074F0066E000 /* PBXContainerItemProxy */ = {
			isa = PBXContainerItemProxy;
			containerPortal = B944C7391BF3074B0066E000 /* Project object */;
			proxyType = 1;
			remoteGlobalIDString = B944C7401BF3074B0066E000;
			remoteInfo = Headshot;
		};
/* End PBXContainerItemProxy section */

/* Begin PBXFileReference section */
		1FB440AF5014AF8964696545 /* Pods-Headshot.release.xcconfig */ = {isa = PBXFileReference; includeInIndex = 1; lastKnownFileType = text.xcconfig; name = "Pods-Headshot.release.xcconfig"; path = "Pods/Target Support Files/Pods-Headshot/Pods-Headshot.release.xcconfig"; sourceTree = "<group>"; };
		9988D14E77C32C25FA1CA4FD /* Pods_Headshot.framework */ = {isa = PBXFileReference; explicitFileType = wrapper.framework; includeInIndex = 0; path = Pods_Headshot.framework; sourceTree = BUILT_PRODUCTS_DIR; };
		B944C7411BF3074B0066E000 /* Headshot.app */ = {isa = PBXFileReference; explicitFileType = wrapper.application; includeInIndex = 0; path = Headshot.app; sourceTree = BUILT_PRODUCTS_DIR; };
		B944C7441BF3074B0066E000 /* AppDelegate.swift */ = {isa = PBXFileReference; lastKnownFileType = sourcecode.swift; path = AppDelegate.swift; sourceTree = "<group>"; };
		B944C7461BF3074B0066E000 /* ViewController.swift */ = {isa = PBXFileReference; lastKnownFileType = sourcecode.swift; path = ViewController.swift; sourceTree = "<group>"; };
		B944C7491BF3074C0066E000 /* Base */ = {isa = PBXFileReference; lastKnownFileType = file.storyboard; name = Base; path = Base.lproj/Main.storyboard; sourceTree = "<group>"; };
		B944C74C1BF3074C0066E000 /* Headshot.xcdatamodel */ = {isa = PBXFileReference; lastKnownFileType = wrapper.xcdatamodel; path = Headshot.xcdatamodel; sourceTree = "<group>"; };
		B944C74E1BF3074D0066E000 /* Assets.xcassets */ = {isa = PBXFileReference; lastKnownFileType = folder.assetcatalog; path = Assets.xcassets; sourceTree = "<group>"; };
		B944C7511BF3074D0066E000 /* Base */ = {isa = PBXFileReference; lastKnownFileType = file.storyboard; name = Base; path = Base.lproj/LaunchScreen.storyboard; sourceTree = "<group>"; };
		B944C7531BF3074D0066E000 /* Info.plist */ = {isa = PBXFileReference; lastKnownFileType = text.plist.xml; path = Info.plist; sourceTree = "<group>"; };
		B944C7581BF3074F0066E000 /* HeadshotTests.xctest */ = {isa = PBXFileReference; explicitFileType = wrapper.cfbundle; includeInIndex = 0; path = HeadshotTests.xctest; sourceTree = BUILT_PRODUCTS_DIR; };
		B944C75C1BF3074F0066E000 /* HeadshotTests.swift */ = {isa = PBXFileReference; lastKnownFileType = sourcecode.swift; path = HeadshotTests.swift; sourceTree = "<group>"; };
		B944C75E1BF3074F0066E000 /* Info.plist */ = {isa = PBXFileReference; lastKnownFileType = text.plist.xml; path = Info.plist; sourceTree = "<group>"; };
		B944C7631BF3074F0066E000 /* HeadshotUITests.xctest */ = {isa = PBXFileReference; explicitFileType = wrapper.cfbundle; includeInIndex = 0; path = HeadshotUITests.xctest; sourceTree = BUILT_PRODUCTS_DIR; };
		B944C7671BF3074F0066E000 /* HeadshotUITests.swift */ = {isa = PBXFileReference; lastKnownFileType = sourcecode.swift; path = HeadshotUITests.swift; sourceTree = "<group>"; };
		B944C7691BF307500066E000 /* Info.plist */ = {isa = PBXFileReference; lastKnownFileType = text.plist.xml; path = Info.plist; sourceTree = "<group>"; };
		D598B11454A178D8B0598B7F /* Pods-Headshot.debug.xcconfig */ = {isa = PBXFileReference; includeInIndex = 1; lastKnownFileType = text.xcconfig; name = "Pods-Headshot.debug.xcconfig"; path = "Pods/Target Support Files/Pods-Headshot/Pods-Headshot.debug.xcconfig"; sourceTree = "<group>"; };
		D79B5CBB1C0D198D00C8EB85 /* Keys.plist */ = {isa = PBXFileReference; fileEncoding = 4; lastKnownFileType = text.plist.xml; path = Keys.plist; sourceTree = "<group>"; };
		D79B5CBD1C0D199B00C8EB85 /* Keys.plist */ = {isa = PBXFileReference; fileEncoding = 4; lastKnownFileType = text.plist.xml; path = Keys.plist; sourceTree = "<group>"; };
/* End PBXFileReference section */

/* Begin PBXFrameworksBuildPhase section */
		B944C73E1BF3074B0066E000 /* Frameworks */ = {
			isa = PBXFrameworksBuildPhase;
			buildActionMask = 2147483647;
			files = (
				AB9B0AD1A2D0D03B6E9A443B /* Pods_Headshot.framework in Frameworks */,
			);
			runOnlyForDeploymentPostprocessing = 0;
		};
		B944C7551BF3074F0066E000 /* Frameworks */ = {
			isa = PBXFrameworksBuildPhase;
			buildActionMask = 2147483647;
			files = (
			);
			runOnlyForDeploymentPostprocessing = 0;
		};
		B944C7601BF3074F0066E000 /* Frameworks */ = {
			isa = PBXFrameworksBuildPhase;
			buildActionMask = 2147483647;
			files = (
			);
			runOnlyForDeploymentPostprocessing = 0;
		};
/* End PBXFrameworksBuildPhase section */

/* Begin PBXGroup section */
		34076D7EE51D8B745B88129E /* Pods */ = {
			isa = PBXGroup;
			children = (
				D598B11454A178D8B0598B7F /* Pods-Headshot.debug.xcconfig */,
				1FB440AF5014AF8964696545 /* Pods-Headshot.release.xcconfig */,
			);
			name = Pods;
			sourceTree = "<group>";
		};
		5E01030AC6A453092B8F6D2A /* Frameworks */ = {
			isa = PBXGroup;
			children = (
				9988D14E77C32C25FA1CA4FD /* Pods_Headshot.framework */,
			);
			name = Frameworks;
			sourceTree = "<group>";
		};
		B944C7381BF3074B0066E000 = {
			isa = PBXGroup;
			children = (
				B944C7431BF3074B0066E000 /* Headshot */,
				B944C7661BF3074F0066E000 /* HeadshotUITests */,
				B944C7421BF3074B0066E000 /* Products */,
				34076D7EE51D8B745B88129E /* Pods */,
				5E01030AC6A453092B8F6D2A /* Frameworks */,
			);
			sourceTree = "<group>";
		};
		B944C7421BF3074B0066E000 /* Products */ = {
			isa = PBXGroup;
			children = (
				B944C7411BF3074B0066E000 /* Headshot.app */,
				B944C7581BF3074F0066E000 /* HeadshotTests.xctest */,
				B944C7631BF3074F0066E000 /* HeadshotUITests.xctest */,
			);
			name = Products;
			sourceTree = "<group>";
		};
		B944C7431BF3074B0066E000 /* Headshot */ = {
			isa = PBXGroup;
			children = (
				B944C7441BF3074B0066E000 /* AppDelegate.swift */,
				B944C7461BF3074B0066E000 /* ViewController.swift */,
				B944C7481BF3074C0066E000 /* Main.storyboard */,
				B944C74E1BF3074D0066E000 /* Assets.xcassets */,
				B944C7501BF3074D0066E000 /* LaunchScreen.storyboard */,
				B944C7531BF3074D0066E000 /* Info.plist */,
				B944C74B1BF3074C0066E000 /* Headshot.xcdatamodeld */,
				D79B5CBD1C0D199B00C8EB85 /* Keys.plist */,
				B944C75B1BF3074F0066E000 /* HeadshotTests */,
				D79B5CBB1C0D198D00C8EB85 /* Keys.plist */,
			);
			path = Headshot;
			sourceTree = "<group>";
		};
		B944C75B1BF3074F0066E000 /* HeadshotTests */ = {
			isa = PBXGroup;
			children = (
				B944C75C1BF3074F0066E000 /* HeadshotTests.swift */,
				B944C75E1BF3074F0066E000 /* Info.plist */,
			);
			path = HeadshotTests;
			sourceTree = SOURCE_ROOT;
		};
		B944C7661BF3074F0066E000 /* HeadshotUITests */ = {
			isa = PBXGroup;
			children = (
				B944C7671BF3074F0066E000 /* HeadshotUITests.swift */,
				B944C7691BF307500066E000 /* Info.plist */,
			);
			path = HeadshotUITests;
			sourceTree = "<group>";
		};
/* End PBXGroup section */

/* Begin PBXNativeTarget section */
		B944C7401BF3074B0066E000 /* Headshot */ = {
			isa = PBXNativeTarget;
			buildConfigurationList = B944C76C1BF307500066E000 /* Build configuration list for PBXNativeTarget "Headshot" */;
			buildPhases = (
				208C52932049E22941BD9828 /* Check Pods Manifest.lock */,
				B944C73D1BF3074B0066E000 /* Sources */,
				B944C73E1BF3074B0066E000 /* Frameworks */,
				B944C73F1BF3074B0066E000 /* Resources */,
				A40DE09907F060531CE04662 /* Embed Pods Frameworks */,
				251C037A7CA4BF31131B4644 /* Copy Pods Resources */,
			);
			buildRules = (
			);
			dependencies = (
			);
			name = Headshot;
			productName = Headshot;
			productReference = B944C7411BF3074B0066E000 /* Headshot.app */;
			productType = "com.apple.product-type.application";
		};
		B944C7571BF3074F0066E000 /* HeadshotTests */ = {
			isa = PBXNativeTarget;
			buildConfigurationList = B944C76F1BF307500066E000 /* Build configuration list for PBXNativeTarget "HeadshotTests" */;
			buildPhases = (
				B944C7541BF3074F0066E000 /* Sources */,
				B944C7551BF3074F0066E000 /* Frameworks */,
				B944C7561BF3074F0066E000 /* Resources */,
			);
			buildRules = (
			);
			dependencies = (
				B944C75A1BF3074F0066E000 /* PBXTargetDependency */,
			);
			name = HeadshotTests;
			productName = HeadshotTests;
			productReference = B944C7581BF3074F0066E000 /* HeadshotTests.xctest */;
			productType = "com.apple.product-type.bundle.unit-test";
		};
		B944C7621BF3074F0066E000 /* HeadshotUITests */ = {
			isa = PBXNativeTarget;
			buildConfigurationList = B944C7721BF307500066E000 /* Build configuration list for PBXNativeTarget "HeadshotUITests" */;
			buildPhases = (
				B944C75F1BF3074F0066E000 /* Sources */,
				B944C7601BF3074F0066E000 /* Frameworks */,
				B944C7611BF3074F0066E000 /* Resources */,
			);
			buildRules = (
			);
			dependencies = (
				B944C7651BF3074F0066E000 /* PBXTargetDependency */,
			);
			name = HeadshotUITests;
			productName = HeadshotUITests;
			productReference = B944C7631BF3074F0066E000 /* HeadshotUITests.xctest */;
			productType = "com.apple.product-type.bundle.ui-testing";
		};
/* End PBXNativeTarget section */

/* Begin PBXProject section */
		B944C7391BF3074B0066E000 /* Project object */ = {
			isa = PBXProject;
			attributes = {
				LastSwiftUpdateCheck = 0710;
				LastUpgradeCheck = 0720;
				TargetAttributes = {
					B944C7401BF3074B0066E000 = {
						CreatedOnToolsVersion = 7.1;
						DevelopmentTeam = H9A487VWR3;
					};
					B944C7571BF3074F0066E000 = {
						CreatedOnToolsVersion = 7.1;
						TestTargetID = B944C7401BF3074B0066E000;
					};
					B944C7621BF3074F0066E000 = {
						CreatedOnToolsVersion = 7.1;
						TestTargetID = B944C7401BF3074B0066E000;
					};
				};
			};
			buildConfigurationList = B944C73C1BF3074B0066E000 /* Build configuration list for PBXProject "Headshot" */;
			compatibilityVersion = "Xcode 3.2";
			developmentRegion = English;
			hasScannedForEncodings = 0;
			knownRegions = (
				en,
				Base,
			);
			mainGroup = B944C7381BF3074B0066E000;
			productRefGroup = B944C7421BF3074B0066E000 /* Products */;
			projectDirPath = "";
			projectRoot = "";
			targets = (
				B944C7401BF3074B0066E000 /* Headshot */,
				B944C7571BF3074F0066E000 /* HeadshotTests */,
				B944C7621BF3074F0066E000 /* HeadshotUITests */,
			);
		};
/* End PBXProject section */

/* Begin PBXResourcesBuildPhase section */
		B944C73F1BF3074B0066E000 /* Resources */ = {
			isa = PBXResourcesBuildPhase;
			buildActionMask = 2147483647;
			files = (
				D79B5CBE1C0D199B00C8EB85 /* Keys.plist in Resources */,
				B944C7521BF3074D0066E000 /* LaunchScreen.storyboard in Resources */,
				B944C74F1BF3074D0066E000 /* Assets.xcassets in Resources */,
				B944C74A1BF3074C0066E000 /* Main.storyboard in Resources */,
			);
			runOnlyForDeploymentPostprocessing = 0;
		};
		B944C7561BF3074F0066E000 /* Resources */ = {
			isa = PBXResourcesBuildPhase;
			buildActionMask = 2147483647;
			files = (
			);
			runOnlyForDeploymentPostprocessing = 0;
		};
		B944C7611BF3074F0066E000 /* Resources */ = {
			isa = PBXResourcesBuildPhase;
			buildActionMask = 2147483647;
			files = (
			);
			runOnlyForDeploymentPostprocessing = 0;
		};
/* End PBXResourcesBuildPhase section */

/* Begin PBXShellScriptBuildPhase section */
		208C52932049E22941BD9828 /* Check Pods Manifest.lock */ = {
			isa = PBXShellScriptBuildPhase;
			buildActionMask = 2147483647;
			files = (
			);
			inputPaths = (
			);
			name = "Check Pods Manifest.lock";
			outputPaths = (
			);
			runOnlyForDeploymentPostprocessing = 0;
			shellPath = /bin/sh;
			shellScript = "diff \"${PODS_ROOT}/../Podfile.lock\" \"${PODS_ROOT}/Manifest.lock\" > /dev/null\nif [[ $? != 0 ]] ; then\n    cat << EOM\nerror: The sandbox is not in sync with the Podfile.lock. Run 'pod install' or update your CocoaPods installation.\nEOM\n    exit 1\nfi\n";
			showEnvVarsInLog = 0;
		};
		251C037A7CA4BF31131B4644 /* Copy Pods Resources */ = {
			isa = PBXShellScriptBuildPhase;
			buildActionMask = 2147483647;
			files = (
			);
			inputPaths = (
			);
			name = "Copy Pods Resources";
			outputPaths = (
			);
			runOnlyForDeploymentPostprocessing = 0;
			shellPath = /bin/sh;
			shellScript = "\"${SRCROOT}/Pods/Target Support Files/Pods-Headshot/Pods-Headshot-resources.sh\"\n";
			showEnvVarsInLog = 0;
		};
		A40DE09907F060531CE04662 /* Embed Pods Frameworks */ = {
			isa = PBXShellScriptBuildPhase;
			buildActionMask = 2147483647;
			files = (
			);
			inputPaths = (
			);
			name = "Embed Pods Frameworks";
			outputPaths = (
			);
			runOnlyForDeploymentPostprocessing = 0;
			shellPath = /bin/sh;
			shellScript = "\"${SRCROOT}/Pods/Target Support Files/Pods-Headshot/Pods-Headshot-frameworks.sh\"\n";
			showEnvVarsInLog = 0;
		};
/* End PBXShellScriptBuildPhase section */

/* Begin PBXSourcesBuildPhase section */
		B944C73D1BF3074B0066E000 /* Sources */ = {
			isa = PBXSourcesBuildPhase;
			buildActionMask = 2147483647;
			files = (
				B944C7471BF3074B0066E000 /* ViewController.swift in Sources */,
				B944C7451BF3074B0066E000 /* AppDelegate.swift in Sources */,
				B944C74D1BF3074D0066E000 /* Headshot.xcdatamodeld in Sources */,
			);
			runOnlyForDeploymentPostprocessing = 0;
		};
		B944C7541BF3074F0066E000 /* Sources */ = {
			isa = PBXSourcesBuildPhase;
			buildActionMask = 2147483647;
			files = (
				B944C75D1BF3074F0066E000 /* HeadshotTests.swift in Sources */,
			);
			runOnlyForDeploymentPostprocessing = 0;
		};
		B944C75F1BF3074F0066E000 /* Sources */ = {
			isa = PBXSourcesBuildPhase;
			buildActionMask = 2147483647;
			files = (
				B944C7681BF3074F0066E000 /* HeadshotUITests.swift in Sources */,
			);
			runOnlyForDeploymentPostprocessing = 0;
		};
/* End PBXSourcesBuildPhase section */

/* Begin PBXTargetDependency section */
		B944C75A1BF3074F0066E000 /* PBXTargetDependency */ = {
			isa = PBXTargetDependency;
			target = B944C7401BF3074B0066E000 /* Headshot */;
			targetProxy = B944C7591BF3074F0066E000 /* PBXContainerItemProxy */;
		};
		B944C7651BF3074F0066E000 /* PBXTargetDependency */ = {
			isa = PBXTargetDependency;
			target = B944C7401BF3074B0066E000 /* Headshot */;
			targetProxy = B944C7641BF3074F0066E000 /* PBXContainerItemProxy */;
		};
/* End PBXTargetDependency section */

/* Begin PBXVariantGroup section */
		B944C7481BF3074C0066E000 /* Main.storyboard */ = {
			isa = PBXVariantGroup;
			children = (
				B944C7491BF3074C0066E000 /* Base */,
			);
			name = Main.storyboard;
			sourceTree = "<group>";
		};
		B944C7501BF3074D0066E000 /* LaunchScreen.storyboard */ = {
			isa = PBXVariantGroup;
			children = (
				B944C7511BF3074D0066E000 /* Base */,
			);
			name = LaunchScreen.storyboard;
			sourceTree = "<group>";
		};
/* End PBXVariantGroup section */

/* Begin XCBuildConfiguration section */
		B944C76A1BF307500066E000 /* Debug */ = {
			isa = XCBuildConfiguration;
			buildSettings = {
				ALWAYS_SEARCH_USER_PATHS = NO;
				CLANG_CXX_LANGUAGE_STANDARD = "gnu++0x";
				CLANG_CXX_LIBRARY = "libc++";
				CLANG_ENABLE_MODULES = YES;
				CLANG_ENABLE_OBJC_ARC = YES;
				CLANG_WARN_BOOL_CONVERSION = YES;
				CLANG_WARN_CONSTANT_CONVERSION = YES;
				CLANG_WARN_DIRECT_OBJC_ISA_USAGE = YES_ERROR;
				CLANG_WARN_EMPTY_BODY = YES;
				CLANG_WARN_ENUM_CONVERSION = YES;
				CLANG_WARN_INT_CONVERSION = YES;
				CLANG_WARN_OBJC_ROOT_CLASS = YES_ERROR;
				CLANG_WARN_UNREACHABLE_CODE = YES;
				CLANG_WARN__DUPLICATE_METHOD_MATCH = YES;
				"CODE_SIGN_IDENTITY[sdk=iphoneos*]" = "iPhone Developer";
				COPY_PHASE_STRIP = NO;
				DEBUG_INFORMATION_FORMAT = dwarf;
				ENABLE_STRICT_OBJC_MSGSEND = YES;
				ENABLE_TESTABILITY = YES;
				GCC_C_LANGUAGE_STANDARD = gnu99;
				GCC_DYNAMIC_NO_PIC = NO;
				GCC_NO_COMMON_BLOCKS = YES;
				GCC_OPTIMIZATION_LEVEL = 0;
				GCC_PREPROCESSOR_DEFINITIONS = (
					"DEBUG=1",
					"$(inherited)",
				);
				GCC_WARN_64_TO_32_BIT_CONVERSION = YES;
				GCC_WARN_ABOUT_RETURN_TYPE = YES_ERROR;
				GCC_WARN_UNDECLARED_SELECTOR = YES;
				GCC_WARN_UNINITIALIZED_AUTOS = YES_AGGRESSIVE;
				GCC_WARN_UNUSED_FUNCTION = YES;
				GCC_WARN_UNUSED_VARIABLE = YES;
				IPHONEOS_DEPLOYMENT_TARGET = 9.2;
				MTL_ENABLE_DEBUG_INFO = YES;
				ONLY_ACTIVE_ARCH = YES;
				SDKROOT = iphoneos;
				SWIFT_OPTIMIZATION_LEVEL = "-Onone";
				TARGETED_DEVICE_FAMILY = "1,2";
			};
			name = Debug;
		};
		B944C76B1BF307500066E000 /* Release */ = {
			isa = XCBuildConfiguration;
			buildSettings = {
				ALWAYS_SEARCH_USER_PATHS = NO;
				CLANG_CXX_LANGUAGE_STANDARD = "gnu++0x";
				CLANG_CXX_LIBRARY = "libc++";
				CLANG_ENABLE_MODULES = YES;
				CLANG_ENABLE_OBJC_ARC = YES;
				CLANG_WARN_BOOL_CONVERSION = YES;
				CLANG_WARN_CONSTANT_CONVERSION = YES;
				CLANG_WARN_DIRECT_OBJC_ISA_USAGE = YES_ERROR;
				CLANG_WARN_EMPTY_BODY = YES;
				CLANG_WARN_ENUM_CONVERSION = YES;
				CLANG_WARN_INT_CONVERSION = YES;
				CLANG_WARN_OBJC_ROOT_CLASS = YES_ERROR;
				CLANG_WARN_UNREACHABLE_CODE = YES;
				CLANG_WARN__DUPLICATE_METHOD_MATCH = YES;
				"CODE_SIGN_IDENTITY[sdk=iphoneos*]" = "iPhone Developer";
				COPY_PHASE_STRIP = NO;
				DEBUG_INFORMATION_FORMAT = "dwarf-with-dsym";
				ENABLE_NS_ASSERTIONS = NO;
				ENABLE_STRICT_OBJC_MSGSEND = YES;
				GCC_C_LANGUAGE_STANDARD = gnu99;
				GCC_NO_COMMON_BLOCKS = YES;
				GCC_WARN_64_TO_32_BIT_CONVERSION = YES;
				GCC_WARN_ABOUT_RETURN_TYPE = YES_ERROR;
				GCC_WARN_UNDECLARED_SELECTOR = YES;
				GCC_WARN_UNINITIALIZED_AUTOS = YES_AGGRESSIVE;
				GCC_WARN_UNUSED_FUNCTION = YES;
				GCC_WARN_UNUSED_VARIABLE = YES;
				IPHONEOS_DEPLOYMENT_TARGET = 9.2;
				MTL_ENABLE_DEBUG_INFO = NO;
				SDKROOT = iphoneos;
				TARGETED_DEVICE_FAMILY = "1,2";
				VALIDATE_PRODUCT = YES;
			};
			name = Release;
		};
		B944C76D1BF307500066E000 /* Debug */ = {
			isa = XCBuildConfiguration;
			baseConfigurationReference = D598B11454A178D8B0598B7F /* Pods-Headshot.debug.xcconfig */;
			buildSettings = {
				ASSETCATALOG_COMPILER_APPICON_NAME = AppIcon;
				CODE_SIGN_IDENTITY = "iPhone Developer";
				"CODE_SIGN_IDENTITY[sdk=iphoneos*]" = "iPhone Developer";
				INFOPLIST_FILE = Headshot/Info.plist;
				IPHONEOS_DEPLOYMENT_TARGET = 9.1;
				LD_RUNPATH_SEARCH_PATHS = "$(inherited) @executable_path/Frameworks";
				PRODUCT_BUNDLE_IDENTIFIER = MFS.Headshot;
				PRODUCT_NAME = "$(TARGET_NAME)";
				PROVISIONING_PROFILE = "";
				SWIFT_OBJC_BRIDGING_HEADER = "";
			};
			name = Debug;
		};
		B944C76E1BF307500066E000 /* Release */ = {
			isa = XCBuildConfiguration;
			baseConfigurationReference = 1FB440AF5014AF8964696545 /* Pods-Headshot.release.xcconfig */;
			buildSettings = {
				ASSETCATALOG_COMPILER_APPICON_NAME = AppIcon;
				CODE_SIGN_IDENTITY = "iPhone Developer";
				"CODE_SIGN_IDENTITY[sdk=iphoneos*]" = "iPhone Developer";
				INFOPLIST_FILE = Headshot/Info.plist;
				IPHONEOS_DEPLOYMENT_TARGET = 9.1;
				LD_RUNPATH_SEARCH_PATHS = "$(inherited) @executable_path/Frameworks";
				PRODUCT_BUNDLE_IDENTIFIER = MFS.Headshot;
				PRODUCT_NAME = "$(TARGET_NAME)";
				PROVISIONING_PROFILE = "";
				SWIFT_OBJC_BRIDGING_HEADER = "";
			};
			name = Release;
		};
		B944C7701BF307500066E000 /* Debug */ = {
			isa = XCBuildConfiguration;
			buildSettings = {
				BUNDLE_LOADER = "$(TEST_HOST)";
				INFOPLIST_FILE = HeadshotTests/Info.plist;
				IPHONEOS_DEPLOYMENT_TARGET = 9.1;
				LD_RUNPATH_SEARCH_PATHS = "$(inherited) @executable_path/Frameworks @loader_path/Frameworks";
				PRODUCT_BUNDLE_IDENTIFIER = MFS.HeadshotTests;
				PRODUCT_NAME = "$(TARGET_NAME)";
				TEST_HOST = "$(BUILT_PRODUCTS_DIR)/Headshot.app/Headshot";
			};
			name = Debug;
		};
		B944C7711BF307500066E000 /* Release */ = {
			isa = XCBuildConfiguration;
			buildSettings = {
				BUNDLE_LOADER = "$(TEST_HOST)";
				INFOPLIST_FILE = HeadshotTests/Info.plist;
				IPHONEOS_DEPLOYMENT_TARGET = 9.1;
				LD_RUNPATH_SEARCH_PATHS = "$(inherited) @executable_path/Frameworks @loader_path/Frameworks";
				PRODUCT_BUNDLE_IDENTIFIER = MFS.HeadshotTests;
				PRODUCT_NAME = "$(TARGET_NAME)";
				TEST_HOST = "$(BUILT_PRODUCTS_DIR)/Headshot.app/Headshot";
			};
			name = Release;
		};
		B944C7731BF307500066E000 /* Debug */ = {
			isa = XCBuildConfiguration;
			buildSettings = {
				INFOPLIST_FILE = HeadshotUITests/Info.plist;
				IPHONEOS_DEPLOYMENT_TARGET = 9.1;
				LD_RUNPATH_SEARCH_PATHS = "$(inherited) @executable_path/Frameworks @loader_path/Frameworks";
				PRODUCT_BUNDLE_IDENTIFIER = MFS.HeadshotUITests;
				PRODUCT_NAME = "$(TARGET_NAME)";
				TEST_TARGET_NAME = Headshot;
				USES_XCTRUNNER = YES;
			};
			name = Debug;
		};
		B944C7741BF307500066E000 /* Release */ = {
			isa = XCBuildConfiguration;
			buildSettings = {
				INFOPLIST_FILE = HeadshotUITests/Info.plist;
				IPHONEOS_DEPLOYMENT_TARGET = 9.1;
				LD_RUNPATH_SEARCH_PATHS = "$(inherited) @executable_path/Frameworks @loader_path/Frameworks";
				PRODUCT_BUNDLE_IDENTIFIER = MFS.HeadshotUITests;
				PRODUCT_NAME = "$(TARGET_NAME)";
				TEST_TARGET_NAME = Headshot;
				USES_XCTRUNNER = YES;
			};
			name = Release;
		};
/* End XCBuildConfiguration section */

/* Begin XCConfigurationList section */
		B944C73C1BF3074B0066E000 /* Build configuration list for PBXProject "Headshot" */ = {
			isa = XCConfigurationList;
			buildConfigurations = (
				B944C76A1BF307500066E000 /* Debug */,
				B944C76B1BF307500066E000 /* Release */,
			);
			defaultConfigurationIsVisible = 0;
			defaultConfigurationName = Release;
		};
		B944C76C1BF307500066E000 /* Build configuration list for PBXNativeTarget "Headshot" */ = {
			isa = XCConfigurationList;
			buildConfigurations = (
				B944C76D1BF307500066E000 /* Debug */,
				B944C76E1BF307500066E000 /* Release */,
			);
			defaultConfigurationIsVisible = 0;
			defaultConfigurationName = Release;
		};
		B944C76F1BF307500066E000 /* Build configuration list for PBXNativeTarget "HeadshotTests" */ = {
			isa = XCConfigurationList;
			buildConfigurations = (
				B944C7701BF307500066E000 /* Debug */,
				B944C7711BF307500066E000 /* Release */,
			);
			defaultConfigurationIsVisible = 0;
			defaultConfigurationName = Release;
		};
		B944C7721BF307500066E000 /* Build configuration list for PBXNativeTarget "HeadshotUITests" */ = {
			isa = XCConfigurationList;
			buildConfigurations = (
				B944C7731BF307500066E000 /* Debug */,
				B944C7741BF307500066E000 /* Release */,
			);
			defaultConfigurationIsVisible = 0;
			defaultConfigurationName = Release;
		};
/* End XCConfigurationList section */

/* Begin XCVersionGroup section */
		B944C74B1BF3074C0066E000 /* Headshot.xcdatamodeld */ = {
			isa = XCVersionGroup;
			children = (
				B944C74C1BF3074C0066E000 /* Headshot.xcdatamodel */,
			);
			currentVersion = B944C74C1BF3074C0066E000 /* Headshot.xcdatamodel */;
			path = Headshot.xcdatamodeld;
			sourceTree = "<group>";
			versionGroupType = wrapper.xcdatamodel;
		};
/* End XCVersionGroup section */
	};
	rootObject = B944C7391BF3074B0066E000 /* Project object */;
}
